
Microsoft Visual Studio Solution File, Format Version 12.00
# Visual Studio Version 17
VisualStudioVersion = 17.5.002.0
MinimumVisualStudioVersion = 10.0.40219.1
Project("{9A19103F-16F7-4668-BE54-9A1E7A4F7556}") = "FileProcessor", "FileProcessor.csproj", "{DE5DBD76-7F5B-4AE0-8DC1-61B183A06BCA}"
EndProject
Global
	GlobalSection(SolutionConfigurationPlatforms) = preSolution
		Debug|Any CPU = Debug|Any CPU
		Release|Any CPU = Release|Any CPU
	EndGlobalSection
	GlobalSection(ProjectConfigurationPlatforms) = postSolution
		{DE5DBD76-7F5B-4AE0-8DC1-61B183A06BCA}.Debug|Any CPU.ActiveCfg = Debug|Any CPU
		{DE5DBD76-7F5B-4AE0-8DC1-61B183A06BCA}.Debug|Any CPU.Build.0 = Debug|Any CPU
		{DE5DBD76-7F5B-4AE0-8DC1-61B183A06BCA}.Release|Any CPU.ActiveCfg = Release|Any CPU
		{DE5DBD76-7F5B-4AE0-8DC1-61B183A06BCA}.Release|Any CPU.Build.0 = Release|Any CPU
	EndGlobalSection
	GlobalSection(SolutionProperties) = preSolution
		HideSolutionNode = FALSE
	EndGlobalSection
	GlobalSection(ExtensibilityGlobals) = postSolution
		SolutionGuid = {4C527A6D-F3B7-4947-99DD-82B1627E185C}
	EndGlobalSection
EndGlobal
